# This file is automatically @generated by Cargo.
# It is not intended for manual editing.
version = 4

[[package]]
name = "chton"
version = "0.1.0"
dependencies = [
 "tagma-core",
]

[[package]]
name = "tagma-core"
version = "0.1.0"
source = "git+https://github.com/ssccsorg/syntagma?branch=main#9bc1472cb8e114b4b7ae841cb7e34cc2bd3b126d"
